
Microsoft Visual Studio Solution File, Format Version 12.00
# Visual Studio Version 17
VisualStudioVersion = 17.0.31903.59
MinimumVisualStudioVersion = 10.0.40219.1
Project("{2150E333-8FDC-42A3-9474-1A3956D46DE8}") = "src", "src", "{101C951B-EE3C-4B20-BE84-6C182E15CA80}"
EndProject
Project("{FAE04EC0-301F-11D3-BF4B-00C04F79EFBC}") = "Kassei.TestKit", "src\Kassei.TestKit\Kassei.TestKit.csproj", "{F059DF77-4E83-450E-A979-6BE0B1FB0C99}"
EndProject
Project("{FAE04EC0-301F-11D3-BF4B-00C04F79EFBC}") = "Kassei.TestKit.IntegrationTests", "src\Kassei.TestKit.IntegrationTests\Kassei.TestKit.IntegrationTests.csproj", "{90D78FDE-305D-4A86-A19D-EA1AE956A5A2}"
EndProject
Global
	GlobalSection(SolutionConfigurationPlatforms) = preSolution
		Debug|Any CPU = Debug|Any CPU
		Release|Any CPU = Release|Any CPU
	EndGlobalSection
	GlobalSection(SolutionProperties) = preSolution
		HideSolutionNode = FALSE
	EndGlobalSection
	GlobalSection(ProjectConfigurationPlatforms) = postSolution
		{F059DF77-4E83-450E-A979-6BE0B1FB0C99}.Debug|Any CPU.ActiveCfg = Debug|Any CPU
		{F059DF77-4E83-450E-A979-6BE0B1FB0C99}.Debug|Any CPU.Build.0 = Debug|Any CPU
		{F059DF77-4E83-450E-A979-6BE0B1FB0C99}.Release|Any CPU.ActiveCfg = Release|Any CPU
		{F059DF77-4E83-450E-A979-6BE0B1FB0C99}.Release|Any CPU.Build.0 = Release|Any CPU
		{90D78FDE-305D-4A86-A19D-EA1AE956A5A2}.Debug|Any CPU.ActiveCfg = Debug|Any CPU
		{90D78FDE-305D-4A86-A19D-EA1AE956A5A2}.Debug|Any CPU.Build.0 = Debug|Any CPU
		{90D78FDE-305D-4A86-A19D-EA1AE956A5A2}.Release|Any CPU.ActiveCfg = Release|Any CPU
		{90D78FDE-305D-4A86-A19D-EA1AE956A5A2}.Release|Any CPU.Build.0 = Release|Any CPU
	EndGlobalSection
	GlobalSection(NestedProjects) = preSolution
		{F059DF77-4E83-450E-A979-6BE0B1FB0C99} = {101C951B-EE3C-4B20-BE84-6C182E15CA80}
		{90D78FDE-305D-4A86-A19D-EA1AE956A5A2} = {101C951B-EE3C-4B20-BE84-6C182E15CA80}
	EndGlobalSection
EndGlobal
